
Microsoft Visual Studio Solution File, Format Version 12.00
# Visual Studio Version 17
VisualStudioVersion = 17.10.34916.146
MinimumVisualStudioVersion = 10.0.40219.1
Project("{F184B08F-C81C-45F6-A57F-5ABD9991F28F}") = "LibrayManagementSystem", "LibrayManagementSystem\LibrayManagementSystem.vbproj", "{0BC0EB31-854B-49E3-A5C7-F2DA12450CFD}"
EndProject
Global
	GlobalSection(SolutionConfigurationPlatforms) = preSolution
		Debug|Any CPU = Debug|Any CPU
		Release|Any CPU = Release|Any CPU
	EndGlobalSection
	GlobalSection(ProjectConfigurationPlatforms) = postSolution
		{0BC0EB31-854B-49E3-A5C7-F2DA12450CFD}.Debug|Any CPU.ActiveCfg = Debug|Any CPU
		{0BC0EB31-854B-49E3-A5C7-F2DA12450CFD}.Debug|Any CPU.Build.0 = Debug|Any CPU
		{0BC0EB31-854B-49E3-A5C7-F2DA12450CFD}.Release|Any CPU.ActiveCfg = Release|Any CPU
		{0BC0EB31-854B-49E3-A5C7-F2DA12450CFD}.Release|Any CPU.Build.0 = Release|Any CPU
	EndGlobalSection
	GlobalSection(SolutionProperties) = preSolution
		HideSolutionNode = FALSE
	EndGlobalSection
	GlobalSection(ExtensibilityGlobals) = postSolution
		SolutionGuid = {86E8F70C-75C5-46F6-A1BB-F593D3E23ACC}
	EndGlobalSection
EndGlobal
